// !$*UTF8*$!
{
	archiveVersion = 1;
	classes = {
	};
	objectVersion = 46;
	objects = {

/* Begin PBXBuildFile section */
		17612C24E58C9C0011EA8682 /* Pods_CleverDiner.framework in Frameworks */ = {isa = PBXBuildFile; fileRef = 366D79BA3D1B595C7B18B9C6 /* Pods_CleverDiner.framework */; };
		841E813E1EA874A2008D89A1 /* TabBarController.swift in Sources */ = {isa = PBXBuildFile; fileRef = 841E813D1EA874A2008D89A1 /* TabBarController.swift */; };
		841E81401EA875F9008D89A1 /* UserViewController.swift in Sources */ = {isa = PBXBuildFile; fileRef = 841E813F1EA875F9008D89A1 /* UserViewController.swift */; };
		841E81421EA88A1C008D89A1 /* MealTypeCell.swift in Sources */ = {isa = PBXBuildFile; fileRef = 841E81411EA88A1C008D89A1 /* MealTypeCell.swift */; };
		841E81441EA89CDD008D89A1 /* CellStruct.swift in Sources */ = {isa = PBXBuildFile; fileRef = 841E81431EA89CDD008D89A1 /* CellStruct.swift */; };
		841E81461EA97A51008D89A1 /* Services.swift in Sources */ = {isa = PBXBuildFile; fileRef = 841E81451EA97A51008D89A1 /* Services.swift */; };
		841E81481EA9EC01008D89A1 /* SettingsVC.swift in Sources */ = {isa = PBXBuildFile; fileRef = 841E81471EA9EC01008D89A1 /* SettingsVC.swift */; };
		841E814A1EAA6D80008D89A1 /* BizTab.swift in Sources */ = {isa = PBXBuildFile; fileRef = 841E81491EAA6D80008D89A1 /* BizTab.swift */; };
		841E814C1EAA74D8008D89A1 /* EditProfileVC.swift in Sources */ = {isa = PBXBuildFile; fileRef = 841E814B1EAA74D8008D89A1 /* EditProfileVC.swift */; };
		8421DF891EAE63C2003B1F50 /* BizPortal.swift in Sources */ = {isa = PBXBuildFile; fileRef = 8421DF881EAE63C2003B1F50 /* BizPortal.swift */; };
		8421DF8B1EAF0AAF003B1F50 /* BizPortalCell.swift in Sources */ = {isa = PBXBuildFile; fileRef = 8421DF8A1EAF0AAF003B1F50 /* BizPortalCell.swift */; };
		8421DF8D1EAF1873003B1F50 /* BizPortalHeaderCell.swift in Sources */ = {isa = PBXBuildFile; fileRef = 8421DF8C1EAF1873003B1F50 /* BizPortalHeaderCell.swift */; };
		8421DF901EAFA6ED003B1F50 /* Task1VC.swift in Sources */ = {isa = PBXBuildFile; fileRef = 8421DF8F1EAFA6ED003B1F50 /* Task1VC.swift */; };
		8421DF921EAFA7AA003B1F50 /* Task2VC.swift in Sources */ = {isa = PBXBuildFile; fileRef = 8421DF911EAFA7AA003B1F50 /* Task2VC.swift */; };
		8424F8311E8B60C7001455CC /* AppDelegate.swift in Sources */ = {isa = PBXBuildFile; fileRef = 8424F8301E8B60C7001455CC /* AppDelegate.swift */; };
		8424F8361E8B60C7001455CC /* Main.storyboard in Resources */ = {isa = PBXBuildFile; fileRef = 8424F8341E8B60C7001455CC /* Main.storyboard */; };
		8424F8381E8B60C7001455CC /* Assets.xcassets in Resources */ = {isa = PBXBuildFile; fileRef = 8424F8371E8B60C7001455CC /* Assets.xcassets */; };
		8424F83B1E8B60C7001455CC /* LaunchScreen.storyboard in Resources */ = {isa = PBXBuildFile; fileRef = 8424F8391E8B60C7001455CC /* LaunchScreen.storyboard */; };
		8424F8431E8B61D0001455CC /* GoogleService-Info.plist in Resources */ = {isa = PBXBuildFile; fileRef = 8424F8421E8B61D0001455CC /* GoogleService-Info.plist */; };
		8424F8461E8B8E80001455CC /* MapViewController.swift in Sources */ = {isa = PBXBuildFile; fileRef = 8424F8451E8B8E80001455CC /* MapViewController.swift */; };
		8424F84A1E8B905C001455CC /* ResultsCell.swift in Sources */ = {isa = PBXBuildFile; fileRef = 8424F8491E8B905C001455CC /* ResultsCell.swift */; };
		8424F84F1E8B9A53001455CC /* ResultsList.swift in Sources */ = {isa = PBXBuildFile; fileRef = 8424F84E1E8B9A53001455CC /* ResultsList.swift */; };
		8430F4C11E8F006000861BD1 /* GeoFire.m in Sources */ = {isa = PBXBuildFile; fileRef = 8430F4B81E8F006000861BD1 /* GeoFire.m */; };
		8430F4C21E8F006000861BD1 /* GFBase32Utils.m in Sources */ = {isa = PBXBuildFile; fileRef = 8430F4BA1E8F006000861BD1 /* GFBase32Utils.m */; };
		8430F4C31E8F006000861BD1 /* GFGeoHash.m in Sources */ = {isa = PBXBuildFile; fileRef = 8430F4BC1E8F006000861BD1 /* GFGeoHash.m */; };
		8430F4C41E8F006000861BD1 /* GFGeoHashQuery.m in Sources */ = {isa = PBXBuildFile; fileRef = 8430F4BE1E8F006000861BD1 /* GFGeoHashQuery.m */; };
		8430F4C51E8F006000861BD1 /* GFQuery.m in Sources */ = {isa = PBXBuildFile; fileRef = 8430F4C01E8F006000861BD1 /* GFQuery.m */; };
		8430F4CA1E90997700861BD1 /* Extensions.swift in Sources */ = {isa = PBXBuildFile; fileRef = 8430F4C91E90997700861BD1 /* Extensions.swift */; };
		8430F4CC1E90BC4700861BD1 /* ProfileDetails.swift in Sources */ = {isa = PBXBuildFile; fileRef = 8430F4CB1E90BC4700861BD1 /* ProfileDetails.swift */; };
		84ACA3BE1E9DEB7200E713C0 /* BusinessDetailVC.swift in Sources */ = {isa = PBXBuildFile; fileRef = 84ACA3BD1E9DEB7200E713C0 /* BusinessDetailVC.swift */; };
		84ACA3C01E9DEC6C00E713C0 /* BusinessProfileCell.swift in Sources */ = {isa = PBXBuildFile; fileRef = 84ACA3BF1E9DEC6C00E713C0 /* BusinessProfileCell.swift */; };
		84ACA3C21E9DED7E00E713C0 /* BusinessHeaderCell.swift in Sources */ = {isa = PBXBuildFile; fileRef = 84ACA3C11E9DED7E00E713C0 /* BusinessHeaderCell.swift */; };
		84ACA3EB1EA5E2E900E713C0 /* LoginController.swift in Sources */ = {isa = PBXBuildFile; fileRef = 84ACA3EA1EA5E2E900E713C0 /* LoginController.swift */; };
		84ACA3EF1EA5E30500E713C0 /* LoginCell.swift in Sources */ = {isa = PBXBuildFile; fileRef = 84ACA3EC1EA5E30500E713C0 /* LoginCell.swift */; };
		84ACA3F01EA5E30500E713C0 /* PageCell.swift in Sources */ = {isa = PBXBuildFile; fileRef = 84ACA3ED1EA5E30500E713C0 /* PageCell.swift */; };
		84ACA3F11EA5E30500E713C0 /* Page.swift in Sources */ = {isa = PBXBuildFile; fileRef = 84ACA3EE1EA5E30500E713C0 /* Page.swift */; };
/* End PBXBuildFile section */

/* Begin PBXFileReference section */
		0450EB7D1A29F89F5F6F51AD /* Pods-CleverDiner.debug.xcconfig */ = {isa = PBXFileReference; includeInIndex = 1; lastKnownFileType = text.xcconfig; name = "Pods-CleverDiner.debug.xcconfig"; path = "Pods/Target Support Files/Pods-CleverDiner/Pods-CleverDiner.debug.xcconfig"; sourceTree = "<group>"; };
		366D79BA3D1B595C7B18B9C6 /* Pods_CleverDiner.framework */ = {isa = PBXFileReference; explicitFileType = wrapper.framework; includeInIndex = 0; path = Pods_CleverDiner.framework; sourceTree = BUILT_PRODUCTS_DIR; };
		841E813D1EA874A2008D89A1 /* TabBarController.swift */ = {isa = PBXFileReference; fileEncoding = 4; lastKnownFileType = sourcecode.swift; path = TabBarController.swift; sourceTree = "<group>"; };
		841E813F1EA875F9008D89A1 /* UserViewController.swift */ = {isa = PBXFileReference; fileEncoding = 4; lastKnownFileType = sourcecode.swift; path = UserViewController.swift; sourceTree = "<group>"; };
		841E81411EA88A1C008D89A1 /* MealTypeCell.swift */ = {isa = PBXFileReference; fileEncoding = 4; lastKnownFileType = sourcecode.swift; path = MealTypeCell.swift; sourceTree = "<group>"; };
		841E81431EA89CDD008D89A1 /* CellStruct.swift */ = {isa = PBXFileReference; fileEncoding = 4; lastKnownFileType = sourcecode.swift; path = CellStruct.swift; sourceTree = "<group>"; };
		841E81451EA97A51008D89A1 /* Services.swift */ = {isa = PBXFileReference; fileEncoding = 4; lastKnownFileType = sourcecode.swift; path = Services.swift; sourceTree = "<group>"; };
		841E81471EA9EC01008D89A1 /* SettingsVC.swift */ = {isa = PBXFileReference; fileEncoding = 4; lastKnownFileType = sourcecode.swift; path = SettingsVC.swift; sourceTree = "<group>"; };
		841E81491EAA6D80008D89A1 /* BizTab.swift */ = {isa = PBXFileReference; fileEncoding = 4; lastKnownFileType = sourcecode.swift; path = BizTab.swift; sourceTree = "<group>"; };
		841E814B1EAA74D8008D89A1 /* EditProfileVC.swift */ = {isa = PBXFileReference; fileEncoding = 4; lastKnownFileType = sourcecode.swift; path = EditProfileVC.swift; sourceTree = "<group>"; };
		8421DF881EAE63C2003B1F50 /* BizPortal.swift */ = {isa = PBXFileReference; fileEncoding = 4; lastKnownFileType = sourcecode.swift; path = BizPortal.swift; sourceTree = "<group>"; };
		8421DF8A1EAF0AAF003B1F50 /* BizPortalCell.swift */ = {isa = PBXFileReference; fileEncoding = 4; lastKnownFileType = sourcecode.swift; path = BizPortalCell.swift; sourceTree = "<group>"; };
		8421DF8C1EAF1873003B1F50 /* BizPortalHeaderCell.swift */ = {isa = PBXFileReference; fileEncoding = 4; lastKnownFileType = sourcecode.swift; path = BizPortalHeaderCell.swift; sourceTree = "<group>"; };
		8421DF8F1EAFA6ED003B1F50 /* Task1VC.swift */ = {isa = PBXFileReference; fileEncoding = 4; lastKnownFileType = sourcecode.swift; path = Task1VC.swift; sourceTree = "<group>"; };
		8421DF911EAFA7AA003B1F50 /* Task2VC.swift */ = {isa = PBXFileReference; fileEncoding = 4; lastKnownFileType = sourcecode.swift; path = Task2VC.swift; sourceTree = "<group>"; };
		8424F82D1E8B60C7001455CC /* CleverDiner.app */ = {isa = PBXFileReference; explicitFileType = wrapper.application; includeInIndex = 0; path = CleverDiner.app; sourceTree = BUILT_PRODUCTS_DIR; };
		8424F8301E8B60C7001455CC /* AppDelegate.swift */ = {isa = PBXFileReference; lastKnownFileType = sourcecode.swift; path = AppDelegate.swift; sourceTree = "<group>"; };
		8424F8351E8B60C7001455CC /* Base */ = {isa = PBXFileReference; lastKnownFileType = file.storyboard; name = Base; path = Base.lproj/Main.storyboard; sourceTree = "<group>"; };
		8424F8371E8B60C7001455CC /* Assets.xcassets */ = {isa = PBXFileReference; lastKnownFileType = folder.assetcatalog; path = Assets.xcassets; sourceTree = "<group>"; };
		8424F83A1E8B60C7001455CC /* Base */ = {isa = PBXFileReference; lastKnownFileType = file.storyboard; name = Base; path = Base.lproj/LaunchScreen.storyboard; sourceTree = "<group>"; };
		8424F83C1E8B60C7001455CC /* Info.plist */ = {isa = PBXFileReference; lastKnownFileType = text.plist.xml; path = Info.plist; sourceTree = "<group>"; };
		8424F8421E8B61D0001455CC /* GoogleService-Info.plist */ = {isa = PBXFileReference; fileEncoding = 4; lastKnownFileType = text.plist.xml; path = "GoogleService-Info.plist"; sourceTree = "<group>"; };
		8424F8441E8B6874001455CC /* CleverDiner.entitlements */ = {isa = PBXFileReference; lastKnownFileType = text.plist.entitlements; path = CleverDiner.entitlements; sourceTree = "<group>"; };
		8424F8451E8B8E80001455CC /* MapViewController.swift */ = {isa = PBXFileReference; fileEncoding = 4; lastKnownFileType = sourcecode.swift; path = MapViewController.swift; sourceTree = "<group>"; };
		8424F8491E8B905C001455CC /* ResultsCell.swift */ = {isa = PBXFileReference; fileEncoding = 4; lastKnownFileType = sourcecode.swift; path = ResultsCell.swift; sourceTree = "<group>"; };
		8424F84E1E8B9A53001455CC /* ResultsList.swift */ = {isa = PBXFileReference; fileEncoding = 4; lastKnownFileType = sourcecode.swift; path = ResultsList.swift; sourceTree = "<group>"; };
		8430F4B11E8F006000861BD1 /* GeoFire.h */ = {isa = PBXFileReference; fileEncoding = 4; lastKnownFileType = sourcecode.c.h; path = GeoFire.h; sourceTree = "<group>"; };
		8430F4B21E8F006000861BD1 /* GFCircleQuery.h */ = {isa = PBXFileReference; fileEncoding = 4; lastKnownFileType = sourcecode.c.h; path = GFCircleQuery.h; sourceTree = "<group>"; };
		8430F4B31E8F006000861BD1 /* GFQuery.h */ = {isa = PBXFileReference; fileEncoding = 4; lastKnownFileType = sourcecode.c.h; path = GFQuery.h; sourceTree = "<group>"; };
		8430F4B41E8F006000861BD1 /* GFRegionQuery.h */ = {isa = PBXFileReference; fileEncoding = 4; lastKnownFileType = sourcecode.c.h; path = GFRegionQuery.h; sourceTree = "<group>"; };
		8430F4B51E8F006000861BD1 /* GeoFire-Prefix.pch */ = {isa = PBXFileReference; fileEncoding = 4; lastKnownFileType = sourcecode.c.h; path = "GeoFire-Prefix.pch"; sourceTree = "<group>"; };
		8430F4B71E8F006000861BD1 /* GeoFire+Private.h */ = {isa = PBXFileReference; fileEncoding = 4; lastKnownFileType = sourcecode.c.h; path = "GeoFire+Private.h"; sourceTree = "<group>"; };
		8430F4B81E8F006000861BD1 /* GeoFire.m */ = {isa = PBXFileReference; fileEncoding = 4; lastKnownFileType = sourcecode.c.objc; path = GeoFire.m; sourceTree = "<group>"; };
		8430F4B91E8F006000861BD1 /* GFBase32Utils.h */ = {isa = PBXFileReference; fileEncoding = 4; lastKnownFileType = sourcecode.c.h; path = GFBase32Utils.h; sourceTree = "<group>"; };
		8430F4BA1E8F006000861BD1 /* GFBase32Utils.m */ = {isa = PBXFileReference; fileEncoding = 4; lastKnownFileType = sourcecode.c.objc; path = GFBase32Utils.m; sourceTree = "<group>"; };
		8430F4BB1E8F006000861BD1 /* GFGeoHash.h */ = {isa = PBXFileReference; fileEncoding = 4; lastKnownFileType = sourcecode.c.h; path = GFGeoHash.h; sourceTree = "<group>"; };
		8430F4BC1E8F006000861BD1 /* GFGeoHash.m */ = {isa = PBXFileReference; fileEncoding = 4; lastKnownFileType = sourcecode.c.objc; path = GFGeoHash.m; sourceTree = "<group>"; };
		8430F4BD1E8F006000861BD1 /* GFGeoHashQuery.h */ = {isa = PBXFileReference; fileEncoding = 4; lastKnownFileType = sourcecode.c.h; path = GFGeoHashQuery.h; sourceTree = "<group>"; };
		8430F4BE1E8F006000861BD1 /* GFGeoHashQuery.m */ = {isa = PBXFileReference; fileEncoding = 4; lastKnownFileType = sourcecode.c.objc; path = GFGeoHashQuery.m; sourceTree = "<group>"; };
		8430F4BF1E8F006000861BD1 /* GFQuery+Private.h */ = {isa = PBXFileReference; fileEncoding = 4; lastKnownFileType = sourcecode.c.h; path = "GFQuery+Private.h"; sourceTree = "<group>"; };
		8430F4C01E8F006000861BD1 /* GFQuery.m */ = {isa = PBXFileReference; fileEncoding = 4; lastKnownFileType = sourcecode.c.objc; path = GFQuery.m; sourceTree = "<group>"; };
		8430F4C61E8F011700861BD1 /* CleverDiner-Bridging-Header.h */ = {isa = PBXFileReference; fileEncoding = 4; lastKnownFileType = sourcecode.c.h; path = "CleverDiner-Bridging-Header.h"; sourceTree = "<group>"; };
		8430F4C91E90997700861BD1 /* Extensions.swift */ = {isa = PBXFileReference; fileEncoding = 4; lastKnownFileType = sourcecode.swift; path = Extensions.swift; sourceTree = "<group>"; };
		8430F4CB1E90BC4700861BD1 /* ProfileDetails.swift */ = {isa = PBXFileReference; fileEncoding = 4; lastKnownFileType = sourcecode.swift; path = ProfileDetails.swift; sourceTree = "<group>"; };
		84ACA3BD1E9DEB7200E713C0 /* BusinessDetailVC.swift */ = {isa = PBXFileReference; fileEncoding = 4; lastKnownFileType = sourcecode.swift; path = BusinessDetailVC.swift; sourceTree = "<group>"; };
		84ACA3BF1E9DEC6C00E713C0 /* BusinessProfileCell.swift */ = {isa = PBXFileReference; fileEncoding = 4; lastKnownFileType = sourcecode.swift; path = BusinessProfileCell.swift; sourceTree = "<group>"; };
		84ACA3C11E9DED7E00E713C0 /* BusinessHeaderCell.swift */ = {isa = PBXFileReference; fileEncoding = 4; lastKnownFileType = sourcecode.swift; path = BusinessHeaderCell.swift; sourceTree = "<group>"; };
		84ACA3EA1EA5E2E900E713C0 /* LoginController.swift */ = {isa = PBXFileReference; fileEncoding = 4; lastKnownFileType = sourcecode.swift; path = LoginController.swift; sourceTree = "<group>"; };
		84ACA3EC1EA5E30500E713C0 /* LoginCell.swift */ = {isa = PBXFileReference; fileEncoding = 4; lastKnownFileType = sourcecode.swift; path = LoginCell.swift; sourceTree = "<group>"; };
		84ACA3ED1EA5E30500E713C0 /* PageCell.swift */ = {isa = PBXFileReference; fileEncoding = 4; lastKnownFileType = sourcecode.swift; path = PageCell.swift; sourceTree = "<group>"; };
		84ACA3EE1EA5E30500E713C0 /* Page.swift */ = {isa = PBXFileReference; fileEncoding = 4; lastKnownFileType = sourcecode.swift; path = Page.swift; sourceTree = "<group>"; };
		9FF2B35D5E3D57685764269E /* Pods-CleverDiner.release.xcconfig */ = {isa = PBXFileReference; includeInIndex = 1; lastKnownFileType = text.xcconfig; name = "Pods-CleverDiner.release.xcconfig"; path = "Pods/Target Support Files/Pods-CleverDiner/Pods-CleverDiner.release.xcconfig"; sourceTree = "<group>"; };
/* End PBXFileReference section */

/* Begin PBXFrameworksBuildPhase section */
		8424F82A1E8B60C7001455CC /* Frameworks */ = {
			isa = PBXFrameworksBuildPhase;
			buildActionMask = 2147483647;
			files = (
				17612C24E58C9C0011EA8682 /* Pods_CleverDiner.framework in Frameworks */,
			);
			runOnlyForDeploymentPostprocessing = 0;
		};
/* End PBXFrameworksBuildPhase section */

/* Begin PBXGroup section */
		25423775FC419CBF64F7CE89 /* Frameworks */ = {
			isa = PBXGroup;
			children = (
				366D79BA3D1B595C7B18B9C6 /* Pods_CleverDiner.framework */,
			);
			name = Frameworks;
			sourceTree = "<group>";
		};
		8421DF8E1EAFA6C5003B1F50 /* BizTasks */ = {
			isa = PBXGroup;
			children = (
				8421DF8F1EAFA6ED003B1F50 /* Task1VC.swift */,
				8421DF911EAFA7AA003B1F50 /* Task2VC.swift */,
			);
			name = BizTasks;
			sourceTree = "<group>";
		};
		8424F8241E8B60C7001455CC = {
			isa = PBXGroup;
			children = (
				8424F82F1E8B60C7001455CC /* CleverDiner */,
				8424F82E1E8B60C7001455CC /* Products */,
				A12CF67A03548FE99C453722 /* Pods */,
				25423775FC419CBF64F7CE89 /* Frameworks */,
			);
			sourceTree = "<group>";
		};
		8424F82E1E8B60C7001455CC /* Products */ = {
			isa = PBXGroup;
			children = (
				8424F82D1E8B60C7001455CC /* CleverDiner.app */,
			);
			name = Products;
			sourceTree = "<group>";
		};
		8424F82F1E8B60C7001455CC /* CleverDiner */ = {
			isa = PBXGroup;
			children = (
				8430F4AF1E8F006000861BD1 /* GeoFire */,
				8424F8441E8B6874001455CC /* CleverDiner.entitlements */,
				84ACA3BC1E9DE96900E713C0 /* Controller */,
				8430F4AC1E8E323B00861BD1 /* Model */,
				8424F84B1E8B96A2001455CC /* Cell */,
				8424F8301E8B60C7001455CC /* AppDelegate.swift */,
				8430F4C91E90997700861BD1 /* Extensions.swift */,
				841E81451EA97A51008D89A1 /* Services.swift */,
				8424F8421E8B61D0001455CC /* GoogleService-Info.plist */,
				8424F8371E8B60C7001455CC /* Assets.xcassets */,
				8424F8391E8B60C7001455CC /* LaunchScreen.storyboard */,
				8424F83C1E8B60C7001455CC /* Info.plist */,
				8430F4C61E8F011700861BD1 /* CleverDiner-Bridging-Header.h */,
			);
			path = CleverDiner;
			sourceTree = "<group>";
		};
		8424F84B1E8B96A2001455CC /* Cell */ = {
			isa = PBXGroup;
			children = (
				84ACA3EC1EA5E30500E713C0 /* LoginCell.swift */,
				8421DF8A1EAF0AAF003B1F50 /* BizPortalCell.swift */,
				8421DF8C1EAF1873003B1F50 /* BizPortalHeaderCell.swift */,
				841E81411EA88A1C008D89A1 /* MealTypeCell.swift */,
				84ACA3ED1EA5E30500E713C0 /* PageCell.swift */,
				8424F8491E8B905C001455CC /* ResultsCell.swift */,
				84ACA3BF1E9DEC6C00E713C0 /* BusinessProfileCell.swift */,
				84ACA3C11E9DED7E00E713C0 /* BusinessHeaderCell.swift */,
			);
			name = Cell;
			sourceTree = "<group>";
		};
		8430F4AC1E8E323B00861BD1 /* Model */ = {
			isa = PBXGroup;
			children = (
				84ACA3EE1EA5E30500E713C0 /* Page.swift */,
				841E81431EA89CDD008D89A1 /* CellStruct.swift */,
				8430F4CB1E90BC4700861BD1 /* ProfileDetails.swift */,
				8424F8341E8B60C7001455CC /* Main.storyboard */,
			);
			name = Model;
			sourceTree = "<group>";
		};
		8430F4AF1E8F006000861BD1 /* GeoFire */ = {
			isa = PBXGroup;
			children = (
				8430F4B01E8F006000861BD1 /* API */,
				8430F4B51E8F006000861BD1 /* GeoFire-Prefix.pch */,
				8430F4B61E8F006000861BD1 /* Implementation */,
			);
			path = GeoFire;
			sourceTree = "<group>";
		};
		8430F4B01E8F006000861BD1 /* API */ = {
			isa = PBXGroup;
			children = (
				8430F4B11E8F006000861BD1 /* GeoFire.h */,
				8430F4B21E8F006000861BD1 /* GFCircleQuery.h */,
				8430F4B31E8F006000861BD1 /* GFQuery.h */,
				8430F4B41E8F006000861BD1 /* GFRegionQuery.h */,
			);
			path = API;
			sourceTree = "<group>";
		};
		8430F4B61E8F006000861BD1 /* Implementation */ = {
			isa = PBXGroup;
			children = (
				8430F4B71E8F006000861BD1 /* GeoFire+Private.h */,
				8430F4B81E8F006000861BD1 /* GeoFire.m */,
				8430F4B91E8F006000861BD1 /* GFBase32Utils.h */,
				8430F4BA1E8F006000861BD1 /* GFBase32Utils.m */,
				8430F4BB1E8F006000861BD1 /* GFGeoHash.h */,
				8430F4BC1E8F006000861BD1 /* GFGeoHash.m */,
				8430F4BD1E8F006000861BD1 /* GFGeoHashQuery.h */,
				8430F4BE1E8F006000861BD1 /* GFGeoHashQuery.m */,
				8430F4BF1E8F006000861BD1 /* GFQuery+Private.h */,
				8430F4C01E8F006000861BD1 /* GFQuery.m */,
			);
			path = Implementation;
			sourceTree = "<group>";
		};
		84ACA3BC1E9DE96900E713C0 /* Controller */ = {
			isa = PBXGroup;
			children = (
				84ACA3EA1EA5E2E900E713C0 /* LoginController.swift */,
				841E81491EAA6D80008D89A1 /* BizTab.swift */,
				841E813F1EA875F9008D89A1 /* UserViewController.swift */,
				8424F8451E8B8E80001455CC /* MapViewController.swift */,
				8424F84E1E8B9A53001455CC /* ResultsList.swift */,
				84ACA3BD1E9DEB7200E713C0 /* BusinessDetailVC.swift */,
				841E813D1EA874A2008D89A1 /* TabBarController.swift */,
				841E81471EA9EC01008D89A1 /* SettingsVC.swift */,
				841E814B1EAA74D8008D89A1 /* EditProfileVC.swift */,
				8421DF881EAE63C2003B1F50 /* BizPortal.swift */,
				8421DF8E1EAFA6C5003B1F50 /* BizTasks */,
			);
			name = Controller;
			sourceTree = "<group>";
		};
		A12CF67A03548FE99C453722 /* Pods */ = {
			isa = PBXGroup;
			children = (
				0450EB7D1A29F89F5F6F51AD /* Pods-CleverDiner.debug.xcconfig */,
				9FF2B35D5E3D57685764269E /* Pods-CleverDiner.release.xcconfig */,
			);
			name = Pods;
			sourceTree = "<group>";
		};
/* End PBXGroup section */

/* Begin PBXNativeTarget section */
		8424F82C1E8B60C7001455CC /* CleverDiner */ = {
			isa = PBXNativeTarget;
			buildConfigurationList = 8424F83F1E8B60C7001455CC /* Build configuration list for PBXNativeTarget "CleverDiner" */;
			buildPhases = (
				C28ECDDE29B3A4C78811187B /* [CP] Check Pods Manifest.lock */,
				8424F8291E8B60C7001455CC /* Sources */,
				8424F82A1E8B60C7001455CC /* Frameworks */,
				8424F82B1E8B60C7001455CC /* Resources */,
				E9E7EAD98006E637DBDD9E72 /* [CP] Embed Pods Frameworks */,
				D78968AF4A23A6AA15AC0ADE /* [CP] Copy Pods Resources */,
			);
			buildRules = (
			);
			dependencies = (
			);
			name = CleverDiner;
			productName = CleverDiner;
			productReference = 8424F82D1E8B60C7001455CC /* CleverDiner.app */;
			productType = "com.apple.product-type.application";
		};
/* End PBXNativeTarget section */

/* Begin PBXProject section */
		8424F8251E8B60C7001455CC /* Project object */ = {
			isa = PBXProject;
			attributes = {
				LastSwiftUpdateCheck = 0820;
				LastUpgradeCheck = 0820;
				ORGANIZATIONNAME = CodeWithFelix;
				TargetAttributes = {
					8424F82C1E8B60C7001455CC = {
						CreatedOnToolsVersion = 8.2.1;
						DevelopmentTeam = SSASSJL7V9;
						ProvisioningStyle = Automatic;
						SystemCapabilities = {
							com.apple.Push = {
								enabled = 1;
							};
						};
					};
				};
			};
			buildConfigurationList = 8424F8281E8B60C7001455CC /* Build configuration list for PBXProject "CleverDiner" */;
			compatibilityVersion = "Xcode 3.2";
			developmentRegion = English;
			hasScannedForEncodings = 0;
			knownRegions = (
				en,
				Base,
			);
			mainGroup = 8424F8241E8B60C7001455CC;
			productRefGroup = 8424F82E1E8B60C7001455CC /* Products */;
			projectDirPath = "";
			projectRoot = "";
			targets = (
				8424F82C1E8B60C7001455CC /* CleverDiner */,
			);
		};
/* End PBXProject section */

/* Begin PBXResourcesBuildPhase section */
		8424F82B1E8B60C7001455CC /* Resources */ = {
			isa = PBXResourcesBuildPhase;
			buildActionMask = 2147483647;
			files = (
				8424F83B1E8B60C7001455CC /* LaunchScreen.storyboard in Resources */,
				8424F8431E8B61D0001455CC /* GoogleService-Info.plist in Resources */,
				8424F8381E8B60C7001455CC /* Assets.xcassets in Resources */,
				8424F8361E8B60C7001455CC /* Main.storyboard in Resources */,
			);
			runOnlyForDeploymentPostprocessing = 0;
		};
/* End PBXResourcesBuildPhase section */

/* Begin PBXShellScriptBuildPhase section */
		C28ECDDE29B3A4C78811187B /* [CP] Check Pods Manifest.lock */ = {
			isa = PBXShellScriptBuildPhase;
			buildActionMask = 2147483647;
			files = (
			);
			inputPaths = (
			);
			name = "[CP] Check Pods Manifest.lock";
			outputPaths = (
			);
			runOnlyForDeploymentPostprocessing = 0;
			shellPath = /bin/sh;
			shellScript = "diff \"${PODS_ROOT}/../Podfile.lock\" \"${PODS_ROOT}/Manifest.lock\" > /dev/null\nif [ $? != 0 ] ; then\n    # print error to STDERR\n    echo \"error: The sandbox is not in sync with the Podfile.lock. Run 'pod install' or update your CocoaPods installation.\" >&2\n    exit 1\nfi\n";
			showEnvVarsInLog = 0;
		};
		D78968AF4A23A6AA15AC0ADE /* [CP] Copy Pods Resources */ = {
			isa = PBXShellScriptBuildPhase;
			buildActionMask = 2147483647;
			files = (
			);
			inputPaths = (
			);
			name = "[CP] Copy Pods Resources";
			outputPaths = (
			);
			runOnlyForDeploymentPostprocessing = 0;
			shellPath = /bin/sh;
			shellScript = "\"${SRCROOT}/Pods/Target Support Files/Pods-CleverDiner/Pods-CleverDiner-resources.sh\"\n";
			showEnvVarsInLog = 0;
		};
		E9E7EAD98006E637DBDD9E72 /* [CP] Embed Pods Frameworks */ = {
			isa = PBXShellScriptBuildPhase;
			buildActionMask = 2147483647;
			files = (
			);
			inputPaths = (
			);
			name = "[CP] Embed Pods Frameworks";
			outputPaths = (
			);
			runOnlyForDeploymentPostprocessing = 0;
			shellPath = /bin/sh;
			shellScript = "\"${SRCROOT}/Pods/Target Support Files/Pods-CleverDiner/Pods-CleverDiner-frameworks.sh\"\n";
			showEnvVarsInLog = 0;
		};
/* End PBXShellScriptBuildPhase section */

/* Begin PBXSourcesBuildPhase section */
		8424F8291E8B60C7001455CC /* Sources */ = {
			isa = PBXSourcesBuildPhase;
			buildActionMask = 2147483647;
			files = (
				8424F8461E8B8E80001455CC /* MapViewController.swift in Sources */,
				841E81401EA875F9008D89A1 /* UserViewController.swift in Sources */,
				8424F8311E8B60C7001455CC /* AppDelegate.swift in Sources */,
				84ACA3C01E9DEC6C00E713C0 /* BusinessProfileCell.swift in Sources */,
				8430F4C21E8F006000861BD1 /* GFBase32Utils.m in Sources */,
				8421DF8B1EAF0AAF003B1F50 /* BizPortalCell.swift in Sources */,
				841E81481EA9EC01008D89A1 /* SettingsVC.swift in Sources */,
				8424F84F1E8B9A53001455CC /* ResultsList.swift in Sources */,
				84ACA3C21E9DED7E00E713C0 /* BusinessHeaderCell.swift in Sources */,
				8421DF8D1EAF1873003B1F50 /* BizPortalHeaderCell.swift in Sources */,
				8424F84A1E8B905C001455CC /* ResultsCell.swift in Sources */,
				8421DF921EAFA7AA003B1F50 /* Task2VC.swift in Sources */,
				8430F4C41E8F006000861BD1 /* GFGeoHashQuery.m in Sources */,
				841E81441EA89CDD008D89A1 /* CellStruct.swift in Sources */,
				8430F4C51E8F006000861BD1 /* GFQuery.m in Sources */,
				84ACA3BE1E9DEB7200E713C0 /* BusinessDetailVC.swift in Sources */,
				841E813E1EA874A2008D89A1 /* TabBarController.swift in Sources */,
				8430F4C31E8F006000861BD1 /* GFGeoHash.m in Sources */,
				8430F4C11E8F006000861BD1 /* GeoFire.m in Sources */,
				84ACA3F11EA5E30500E713C0 /* Page.swift in Sources */,
				8430F4CA1E90997700861BD1 /* Extensions.swift in Sources */,
				84ACA3EF1EA5E30500E713C0 /* LoginCell.swift in Sources */,
				841E81421EA88A1C008D89A1 /* MealTypeCell.swift in Sources */,
				84ACA3F01EA5E30500E713C0 /* PageCell.swift in Sources */,
				8430F4CC1E90BC4700861BD1 /* ProfileDetails.swift in Sources */,
				8421DF901EAFA6ED003B1F50 /* Task1VC.swift in Sources */,
				841E81461EA97A51008D89A1 /* Services.swift in Sources */,
				8421DF891EAE63C2003B1F50 /* BizPortal.swift in Sources */,
				841E814C1EAA74D8008D89A1 /* EditProfileVC.swift in Sources */,
				84ACA3EB1EA5E2E900E713C0 /* LoginController.swift in Sources */,
				841E814A1EAA6D80008D89A1 /* BizTab.swift in Sources */,
			);
			runOnlyForDeploymentPostprocessing = 0;
		};
/* End PBXSourcesBuildPhase section */

/* Begin PBXVariantGroup section */
		8424F8341E8B60C7001455CC /* Main.storyboard */ = {
			isa = PBXVariantGroup;
			children = (
				8424F8351E8B60C7001455CC /* Base */,
			);
			name = Main.storyboard;
			sourceTree = "<group>";
		};
		8424F8391E8B60C7001455CC /* LaunchScreen.storyboard */ = {
			isa = PBXVariantGroup;
			children = (
				8424F83A1E8B60C7001455CC /* Base */,
			);
			name = LaunchScreen.storyboard;
			sourceTree = "<group>";
		};
/* End PBXVariantGroup section */

/* Begin XCBuildConfiguration section */
		8424F83D1E8B60C7001455CC /* Debug */ = {
			isa = XCBuildConfiguration;
			buildSettings = {
				ALWAYS_SEARCH_USER_PATHS = NO;
				CLANG_ANALYZER_NONNULL = YES;
				CLANG_CXX_LANGUAGE_STANDARD = "gnu++0x";
				CLANG_CXX_LIBRARY = "libc++";
				CLANG_ENABLE_MODULES = YES;
				CLANG_ENABLE_OBJC_ARC = YES;
				CLANG_WARN_BOOL_CONVERSION = YES;
				CLANG_WARN_CONSTANT_CONVERSION = YES;
				CLANG_WARN_DIRECT_OBJC_ISA_USAGE = YES_ERROR;
				CLANG_WARN_DOCUMENTATION_COMMENTS = YES;
				CLANG_WARN_EMPTY_BODY = YES;
				CLANG_WARN_ENUM_CONVERSION = YES;
				CLANG_WARN_INFINITE_RECURSION = YES;
				CLANG_WARN_INT_CONVERSION = YES;
				CLANG_WARN_OBJC_ROOT_CLASS = YES_ERROR;
				CLANG_WARN_SUSPICIOUS_MOVE = YES;
				CLANG_WARN_UNREACHABLE_CODE = YES;
				CLANG_WARN__DUPLICATE_METHOD_MATCH = YES;
				"CODE_SIGN_IDENTITY[sdk=iphoneos*]" = "iPhone Developer";
				COPY_PHASE_STRIP = NO;
				DEBUG_INFORMATION_FORMAT = dwarf;
				ENABLE_STRICT_OBJC_MSGSEND = YES;
				ENABLE_TESTABILITY = YES;
				GCC_C_LANGUAGE_STANDARD = gnu99;
				GCC_DYNAMIC_NO_PIC = NO;
				GCC_NO_COMMON_BLOCKS = YES;
				GCC_OPTIMIZATION_LEVEL = 0;
				GCC_PREPROCESSOR_DEFINITIONS = (
					"DEBUG=1",
					"$(inherited)",
				);
				GCC_WARN_64_TO_32_BIT_CONVERSION = YES;
				GCC_WARN_ABOUT_RETURN_TYPE = YES_ERROR;
				GCC_WARN_UNDECLARED_SELECTOR = YES;
				GCC_WARN_UNINITIALIZED_AUTOS = YES_AGGRESSIVE;
				GCC_WARN_UNUSED_FUNCTION = YES;
				GCC_WARN_UNUSED_VARIABLE = YES;
				IPHONEOS_DEPLOYMENT_TARGET = 10.2;
				MTL_ENABLE_DEBUG_INFO = YES;
				ONLY_ACTIVE_ARCH = YES;
				SDKROOT = iphoneos;
				SWIFT_ACTIVE_COMPILATION_CONDITIONS = DEBUG;
				SWIFT_OPTIMIZATION_LEVEL = "-Onone";
				TARGETED_DEVICE_FAMILY = "1,2";
			};
			name = Debug;
		};
		8424F83E1E8B60C7001455CC /* Release */ = {
			isa = XCBuildConfiguration;
			buildSettings = {
				ALWAYS_SEARCH_USER_PATHS = NO;
				CLANG_ANALYZER_NONNULL = YES;
				CLANG_CXX_LANGUAGE_STANDARD = "gnu++0x";
				CLANG_CXX_LIBRARY = "libc++";
				CLANG_ENABLE_MODULES = YES;
				CLANG_ENABLE_OBJC_ARC = YES;
				CLANG_WARN_BOOL_CONVERSION = YES;
				CLANG_WARN_CONSTANT_CONVERSION = YES;
				CLANG_WARN_DIRECT_OBJC_ISA_USAGE = YES_ERROR;
				CLANG_WARN_DOCUMENTATION_COMMENTS = YES;
				CLANG_WARN_EMPTY_BODY = YES;
				CLANG_WARN_ENUM_CONVERSION = YES;
				CLANG_WARN_INFINITE_RECURSION = YES;
				CLANG_WARN_INT_CONVERSION = YES;
				CLANG_WARN_OBJC_ROOT_CLASS = YES_ERROR;
				CLANG_WARN_SUSPICIOUS_MOVE = YES;
				CLANG_WARN_UNREACHABLE_CODE = YES;
				CLANG_WARN__DUPLICATE_METHOD_MATCH = YES;
				"CODE_SIGN_IDENTITY[sdk=iphoneos*]" = "iPhone Developer";
				COPY_PHASE_STRIP = NO;
				DEBUG_INFORMATION_FORMAT = "dwarf-with-dsym";
				ENABLE_NS_ASSERTIONS = NO;
				ENABLE_STRICT_OBJC_MSGSEND = YES;
				GCC_C_LANGUAGE_STANDARD = gnu99;
				GCC_NO_COMMON_BLOCKS = YES;
				GCC_WARN_64_TO_32_BIT_CONVERSION = YES;
				GCC_WARN_ABOUT_RETURN_TYPE = YES_ERROR;
				GCC_WARN_UNDECLARED_SELECTOR = YES;
				GCC_WARN_UNINITIALIZED_AUTOS = YES_AGGRESSIVE;
				GCC_WARN_UNUSED_FUNCTION = YES;
				GCC_WARN_UNUSED_VARIABLE = YES;
				IPHONEOS_DEPLOYMENT_TARGET = 10.2;
				MTL_ENABLE_DEBUG_INFO = NO;
				SDKROOT = iphoneos;
				SWIFT_OPTIMIZATION_LEVEL = "-Owholemodule";
				TARGETED_DEVICE_FAMILY = "1,2";
				VALIDATE_PRODUCT = YES;
			};
			name = Release;
		};
		8424F8401E8B60C7001455CC /* Debug */ = {
			isa = XCBuildConfiguration;
			baseConfigurationReference = 0450EB7D1A29F89F5F6F51AD /* Pods-CleverDiner.debug.xcconfig */;
			buildSettings = {
				ASSETCATALOG_COMPILER_APPICON_NAME = AppIcon;
				CODE_SIGN_ENTITLEMENTS = CleverDiner/CleverDiner.entitlements;
				DEVELOPMENT_TEAM = SSASSJL7V9;
				INFOPLIST_FILE = CleverDiner/Info.plist;
				LD_RUNPATH_SEARCH_PATHS = "$(inherited) @executable_path/Frameworks";
				PRODUCT_BUNDLE_IDENTIFIER = com.codewithfelix.CleverDiner;
				PRODUCT_NAME = "$(TARGET_NAME)";
				SWIFT_OBJC_BRIDGING_HEADER = "CleverDiner/CleverDiner-Bridging-Header.h";
				SWIFT_VERSION = 3.0;
			};
			name = Debug;
		};
		8424F8411E8B60C7001455CC /* Release */ = {
			isa = XCBuildConfiguration;
			baseConfigurationReference = 9FF2B35D5E3D57685764269E /* Pods-CleverDiner.release.xcconfig */;
			buildSettings = {
				ASSETCATALOG_COMPILER_APPICON_NAME = AppIcon;
				CODE_SIGN_ENTITLEMENTS = CleverDiner/CleverDiner.entitlements;
				DEVELOPMENT_TEAM = SSASSJL7V9;
				INFOPLIST_FILE = CleverDiner/Info.plist;
				LD_RUNPATH_SEARCH_PATHS = "$(inherited) @executable_path/Frameworks";
				PRODUCT_BUNDLE_IDENTIFIER = com.codewithfelix.CleverDiner;
				PRODUCT_NAME = "$(TARGET_NAME)";
				SWIFT_OBJC_BRIDGING_HEADER = "CleverDiner/CleverDiner-Bridging-Header.h";
				SWIFT_VERSION = 3.0;
			};
			name = Release;
		};
/* End XCBuildConfiguration section */

/* Begin XCConfigurationList section */
		8424F8281E8B60C7001455CC /* Build configuration list for PBXProject "CleverDiner" */ = {
			isa = XCConfigurationList;
			buildConfigurations = (
				8424F83D1E8B60C7001455CC /* Debug */,
				8424F83E1E8B60C7001455CC /* Release */,
			);
			defaultConfigurationIsVisible = 0;
			defaultConfigurationName = Release;
		};
		8424F83F1E8B60C7001455CC /* Build configuration list for PBXNativeTarget "CleverDiner" */ = {
			isa = XCConfigurationList;
			buildConfigurations = (
				8424F8401E8B60C7001455CC /* Debug */,
				8424F8411E8B60C7001455CC /* Release */,
			);
			defaultConfigurationIsVisible = 0;
			defaultConfigurationName = Release;
		};
/* End XCConfigurationList section */
	};
	rootObject = 8424F8251E8B60C7001455CC /* Project object */;
}
